# Generated by skilllock. Do not edit hashes by hand.
lockfileVersion: 2
generatedAt: 2026-05-31T05:15:00.000Z
projectRoot: .
skills:
  - id: cursor:project:demo-skill
    name: demo-skill
    scope: project
    agent: cursor
    root: .cursor/skills/demo-skill
    description: Demo skill for skilllock examples. Use when demonstrating lock and verify.
    source:
      type: manual
      ref: ./vendor/demo-skill
    files:
      - path: SKILL.md
        hash: sha256:0bf96dd161f14a97f52321c20509ec669b5d19acb0d223c4cc40b5855756a7be
        size: 244
  - id: cursor:project:helper-skill
    name: helper-skill
    scope: project
    agent: cursor
    root: .cursor/skills/helper-skill
    description: Helper skill for demo-skill dependency chain.
    source:
      type: manual
      ref: ./vendor/helper-skill
    files:
      - path: SKILL.md
        hash: sha256:ed00c2ec9d5daf426bb89fecd6d4d39ae882a99a317df6f40c469123903af0c1
        size: 136
context: []
