# Generated by skilllock. Do not edit hashes by hand.
lockfileVersion: 2
generatedAt: 2026-05-31T04:29:46.128Z
projectRoot: D:/A-Mine/1/examples/demo-project
skills:
  - id: cursor:project:demo-skill
    name: demo-skill
    scope: project
    agent: cursor
    root: .cursor/skills/demo-skill
    description: Demo skill for skilllock examples. Use when demonstrating lock and verify.
    source:
      type: manual
      ref: ./vendor/demo-skill
    files:
      - path: SKILL.md
        hash: sha256:8eba6f9ef8a8e0fd4d65ef1249f318fc3df98c8e51f79ea47d2126b06e4d802a
        size: 256
  - id: cursor:project:helper-skill
    name: helper-skill
    scope: project
    agent: cursor
    root: .cursor/skills/helper-skill
    description: Helper skill for demo-skill dependency chain.
    source:
      type: manual
      ref: ./vendor/helper-skill
    files:
      - path: SKILL.md
        hash: sha256:b9a5542ddb08a25d47aa6db5fdd5c3a305e27dafa5bdc874cc8f233df5b50a95
        size: 144
context: []
